# This file is automatically @generated by Cargo.
# It is not intended for manual editing.
version = 4

[[package]]
name = "rk3588-bl31-v1-56"
version = "0.0.1"
dependencies = [
 "rk3588-boot-support",
]

[[package]]
name = "rk3588-bl32-v1-23"
version = "0.0.1"
dependencies = [
 "rk3588-boot-support",
]

[[package]]
name = "rk3588-boot-support"
version = "0.0.1"

[[package]]
name = "rk3588-ddr-core-v1-24"
version = "0.0.4"

[[package]]
name = "rk3588-ddr-lp4-1560mhz-lp5-1968mhz-full-space-test-v1-21"
version = "0.0.1"
dependencies = [
 "rk3588-ddr-core-v1-24",
]

[[package]]
name = "rk3588-ddr-lp4-1848mhz-lp5-2112mhz-eyescan-v1-24"
version = "0.0.1"
dependencies = [
 "rk3588-ddr-core-v1-24",
]

[[package]]
name = "rk3588-ddr-lp4-1848mhz-lp5-2112mhz-v1-24"
version = "0.0.1"
dependencies = [
 "rk3588-ddr-core-v1-24",
]

[[package]]
name = "rk3588-ddr-lp4-2112mhz-lp5-2400mhz-eyescan-v1-24"
version = "0.0.1"
dependencies = [
 "rk3588-ddr-core-v1-24",
]

[[package]]
name = "rk3588-ddr-lp4-2112mhz-lp5-2400mhz-max-freq-scan-v1-21"
version = "0.0.1"
dependencies = [
 "rk3588-ddr-core-v1-24",
]

[[package]]
name = "rk3588-ddr-lp4-2112mhz-lp5-2400mhz-single-vdd2-v1-24"
version = "0.0.1"
dependencies = [
 "rk3588-ddr-core-v1-24",
]

[[package]]
name = "rk3588-ddr-lp4-2112mhz-lp5-2400mhz-v1-24"
version = "0.0.1"
dependencies = [
 "rk3588-ddr-core-v1-24",
]

[[package]]
name = "rk3588-pcie-v3-20"
version = "0.0.1"
dependencies = [
 "rk3588-boot-support",
]

[[package]]
name = "rk3588-ramboot-null0"
version = "1.0.0"

[[package]]
name = "rk3588-ramboot-null1"
version = "1.0.0"

[[package]]
name = "rk3588-ramboot-v1-06"
version = "0.0.1"
dependencies = [
 "rk3588-boot-support",
]

[[package]]
name = "rk3588-spl-v1-14"
version = "0.0.1"
dependencies = [
 "rk3588-boot-support",
]

[[package]]
name = "rk3588-spl-v5-v1-00"
version = "0.0.1"
dependencies = [
 "rk3588-boot-support",
]

[[package]]
name = "rk3588-usbplug-v1-11"
version = "0.0.1"
dependencies = [
 "rk3588-boot-support",
]

[[package]]
name = "rk3588-xtask"
version = "0.1.0"
dependencies = [
 "rk3588-ramboot-null0",
 "rk3588-ramboot-null1",
]
